
Microsoft Visual Studio Solution File, Format Version 12.00
# Visual Studio Version 17
VisualStudioVersion = 17.5.002.0
MinimumVisualStudioVersion = 10.0.40219.1
Project("{9A19103F-16F7-4668-BE54-9A1E7A4F7556}") = "DesafioFunndamentos", "DesafioFunndamentos.csproj", "{FA4A711B-CA0D-4C23-ABD6-E95A83620BDD}"
EndProject
Global
	GlobalSection(SolutionConfigurationPlatforms) = preSolution
		Debug|Any CPU = Debug|Any CPU
		Release|Any CPU = Release|Any CPU
	EndGlobalSection
	GlobalSection(ProjectConfigurationPlatforms) = postSolution
		{FA4A711B-CA0D-4C23-ABD6-E95A83620BDD}.Debug|Any CPU.ActiveCfg = Debug|Any CPU
		{FA4A711B-CA0D-4C23-ABD6-E95A83620BDD}.Debug|Any CPU.Build.0 = Debug|Any CPU
		{FA4A711B-CA0D-4C23-ABD6-E95A83620BDD}.Release|Any CPU.ActiveCfg = Release|Any CPU
		{FA4A711B-CA0D-4C23-ABD6-E95A83620BDD}.Release|Any CPU.Build.0 = Release|Any CPU
	EndGlobalSection
	GlobalSection(SolutionProperties) = preSolution
		HideSolutionNode = FALSE
	EndGlobalSection
	GlobalSection(ExtensibilityGlobals) = postSolution
		SolutionGuid = {AA73ADA2-6F95-4E7F-94EB-D555A647C461}
	EndGlobalSection
EndGlobal
